
Microsoft Visual Studio Solution File, Format Version 12.00
# Visual Studio Version 17
VisualStudioVersion = 17.9.34714.143
MinimumVisualStudioVersion = 10.0.40219.1
Project("{9A19103F-16F7-4668-BE54-9A1E7A4F7556}") = "Wire", "Wire\Wire.csproj", "{69FCF795-E98A-46F6-868F-8BCCCBBDDB03}"
EndProject
Project("{9A19103F-16F7-4668-BE54-9A1E7A4F7556}") = "Wire.Sample", "Wire.Sample\Wire.Sample.csproj", "{09FB9F5F-A0CF-41EB-AD67-DB6FF0A8C290}"
EndProject
Project("{FAE04EC0-301F-11D3-BF4B-00C04F79EFBC}") = "Wire.Tests", "Wire.Tests\Wire.Tests.csproj", "{B9F641E5-4FF6-469D-9B52-6913529983B5}"
EndProject
Global
	GlobalSection(SolutionConfigurationPlatforms) = preSolution
		Debug|Any CPU = Debug|Any CPU
		Release|Any CPU = Release|Any CPU
	EndGlobalSection
	GlobalSection(ProjectConfigurationPlatforms) = postSolution
		{69FCF795-E98A-46F6-868F-8BCCCBBDDB03}.Debug|Any CPU.ActiveCfg = Debug|Any CPU
		{69FCF795-E98A-46F6-868F-8BCCCBBDDB03}.Debug|Any CPU.Build.0 = Debug|Any CPU
		{69FCF795-E98A-46F6-868F-8BCCCBBDDB03}.Release|Any CPU.ActiveCfg = Release|Any CPU
		{69FCF795-E98A-46F6-868F-8BCCCBBDDB03}.Release|Any CPU.Build.0 = Release|Any CPU
		{09FB9F5F-A0CF-41EB-AD67-DB6FF0A8C290}.Debug|Any CPU.ActiveCfg = Debug|Any CPU
		{09FB9F5F-A0CF-41EB-AD67-DB6FF0A8C290}.Debug|Any CPU.Build.0 = Debug|Any CPU
		{09FB9F5F-A0CF-41EB-AD67-DB6FF0A8C290}.Release|Any CPU.ActiveCfg = Release|Any CPU
		{09FB9F5F-A0CF-41EB-AD67-DB6FF0A8C290}.Release|Any CPU.Build.0 = Release|Any CPU
		{B9F641E5-4FF6-469D-9B52-6913529983B5}.Debug|Any CPU.ActiveCfg = Debug|Any CPU
		{B9F641E5-4FF6-469D-9B52-6913529983B5}.Debug|Any CPU.Build.0 = Debug|Any CPU
		{B9F641E5-4FF6-469D-9B52-6913529983B5}.Release|Any CPU.ActiveCfg = Release|Any CPU
		{B9F641E5-4FF6-469D-9B52-6913529983B5}.Release|Any CPU.Build.0 = Release|Any CPU
	EndGlobalSection
	GlobalSection(SolutionProperties) = preSolution
		HideSolutionNode = FALSE
	EndGlobalSection
	GlobalSection(ExtensibilityGlobals) = postSolution
		SolutionGuid = {124634BF-473B-48C1-B53E-DD74B5BBABDD}
	EndGlobalSection
EndGlobal
